
Microsoft Visual Studio Solution File, Format Version 12.00
# Visual Studio Version 16
VisualStudioVersion = 16.0.28922.388
MinimumVisualStudioVersion = 10.0.40219.1
Project("{FAE04EC0-301F-11D3-BF4B-00C04F79EFBC}") = "ResumeApp", "ResumeApp.csproj", "{C8938840-C95A-467B-8AFF-DA8906940A16}"
EndProject
Global
	GlobalSection(SolutionConfigurationPlatforms) = preSolution
		Debug|Any CPU = Debug|Any CPU
		Release|Any CPU = Release|Any CPU
	EndGlobalSection
	GlobalSection(ProjectConfigurationPlatforms) = postSolution
		{C8938840-C95A-467B-8AFF-DA8906940A16}.Debug|Any CPU.ActiveCfg = Debug|Any CPU
		{C8938840-C95A-467B-8AFF-DA8906940A16}.Debug|Any CPU.Build.0 = Debug|Any CPU
		{C8938840-C95A-467B-8AFF-DA8906940A16}.Release|Any CPU.ActiveCfg = Release|Any CPU
		{C8938840-C95A-467B-8AFF-DA8906940A16}.Release|Any CPU.Build.0 = Release|Any CPU
	EndGlobalSection
	GlobalSection(SolutionProperties) = preSolution
		HideSolutionNode = FALSE
	EndGlobalSection
	GlobalSection(ExtensibilityGlobals) = postSolution
		SolutionGuid = {0A79DB82-22B9-49F5-B3E8-859E605AC93E}
	EndGlobalSection
EndGlobal
